// !$*UTF8*$!
{
	archiveVersion = 1;
	classes = {
	};
	objectVersion = 46;
	objects = {

/* Begin PBXBuildFile section */
		E7A677351A62B6200068698D /* User.swift in Sources */ = {isa = PBXBuildFile; fileRef = E7A677341A62B6200068698D /* User.swift */; };
		E7A677371A62B6210068698D /* Message.swift in Sources */ = {isa = PBXBuildFile; fileRef = E7A677361A62B6210068698D /* Message.swift */; };
		E7ED44581A6168FE00721779 /* AppDelegate.swift in Sources */ = {isa = PBXBuildFile; fileRef = E7ED44571A6168FE00721779 /* AppDelegate.swift */; };
		E7ED445B1A6168FE00721779 /* MessageSender.xcdatamodeld in Sources */ = {isa = PBXBuildFile; fileRef = E7ED44591A6168FE00721779 /* MessageSender.xcdatamodeld */; };
		E7ED445D1A6168FE00721779 /* LoginViewController.swift in Sources */ = {isa = PBXBuildFile; fileRef = E7ED445C1A6168FE00721779 /* LoginViewController.swift */; };
		E7ED44601A6168FE00721779 /* Main.storyboard in Resources */ = {isa = PBXBuildFile; fileRef = E7ED445E1A6168FE00721779 /* Main.storyboard */; };
		E7ED44621A6168FE00721779 /* Images.xcassets in Resources */ = {isa = PBXBuildFile; fileRef = E7ED44611A6168FE00721779 /* Images.xcassets */; };
		E7ED44651A6168FE00721779 /* LaunchScreen.xib in Resources */ = {isa = PBXBuildFile; fileRef = E7ED44631A6168FE00721779 /* LaunchScreen.xib */; };
		E7ED44711A6168FE00721779 /* MessageSenderTests.swift in Sources */ = {isa = PBXBuildFile; fileRef = E7ED44701A6168FE00721779 /* MessageSenderTests.swift */; };
		E7ED44AC1A61883700721779 /* TextFieldContainerView.swift in Sources */ = {isa = PBXBuildFile; fileRef = E7ED44AB1A61883700721779 /* TextFieldContainerView.swift */; };
		E7ED44B01A61951500721779 /* APIHelper.swift in Sources */ = {isa = PBXBuildFile; fileRef = E7ED44AF1A61951500721779 /* APIHelper.swift */; };
		E7ED44B41A61A85C00721779 /* SwiftyJSON.swift in Sources */ = {isa = PBXBuildFile; fileRef = E7ED44B31A61A85C00721779 /* SwiftyJSON.swift */; };
		E7ED44B81A61B9EC00721779 /* CoreDataViewController.swift in Sources */ = {isa = PBXBuildFile; fileRef = E7ED44B71A61B9EC00721779 /* CoreDataViewController.swift */; };
/* End PBXBuildFile section */

/* Begin PBXContainerItemProxy section */
		E7ED446B1A6168FE00721779 /* PBXContainerItemProxy */ = {
			isa = PBXContainerItemProxy;
			containerPortal = E7ED444A1A6168FE00721779 /* Project object */;
			proxyType = 1;
			remoteGlobalIDString = E7ED44511A6168FE00721779;
			remoteInfo = MessageSender;
		};
/* End PBXContainerItemProxy section */

/* Begin PBXFileReference section */
		E7A677341A62B6200068698D /* User.swift */ = {isa = PBXFileReference; fileEncoding = 4; lastKnownFileType = sourcecode.swift; path = User.swift; sourceTree = "<group>"; };
		E7A677361A62B6210068698D /* Message.swift */ = {isa = PBXFileReference; fileEncoding = 4; lastKnownFileType = sourcecode.swift; path = Message.swift; sourceTree = "<group>"; };
		E7ED44521A6168FE00721779 /* MessageSender.app */ = {isa = PBXFileReference; explicitFileType = wrapper.application; includeInIndex = 0; path = MessageSender.app; sourceTree = BUILT_PRODUCTS_DIR; };
		E7ED44561A6168FE00721779 /* Info.plist */ = {isa = PBXFileReference; lastKnownFileType = text.plist.xml; path = Info.plist; sourceTree = "<group>"; };
		E7ED44571A6168FE00721779 /* AppDelegate.swift */ = {isa = PBXFileReference; lastKnownFileType = sourcecode.swift; path = AppDelegate.swift; sourceTree = "<group>"; };
		E7ED445A1A6168FE00721779 /* MessageSender.xcdatamodel */ = {isa = PBXFileReference; lastKnownFileType = wrapper.xcdatamodel; path = MessageSender.xcdatamodel; sourceTree = "<group>"; };
		E7ED445C1A6168FE00721779 /* LoginViewController.swift */ = {isa = PBXFileReference; lastKnownFileType = sourcecode.swift; name = LoginViewController.swift; path = MessageSender/LoginViewController.swift; sourceTree = "<group>"; };
		E7ED445F1A6168FE00721779 /* Base */ = {isa = PBXFileReference; lastKnownFileType = file.storyboard; name = Base; path = Base.lproj/Main.storyboard; sourceTree = "<group>"; };
		E7ED44611A6168FE00721779 /* Images.xcassets */ = {isa = PBXFileReference; lastKnownFileType = folder.assetcatalog; path = Images.xcassets; sourceTree = "<group>"; };
		E7ED44641A6168FE00721779 /* Base */ = {isa = PBXFileReference; lastKnownFileType = file.xib; name = Base; path = Base.lproj/LaunchScreen.xib; sourceTree = "<group>"; };
		E7ED446A1A6168FE00721779 /* MessageSenderTests.xctest */ = {isa = PBXFileReference; explicitFileType = wrapper.cfbundle; includeInIndex = 0; path = MessageSenderTests.xctest; sourceTree = BUILT_PRODUCTS_DIR; };
		E7ED446F1A6168FE00721779 /* Info.plist */ = {isa = PBXFileReference; lastKnownFileType = text.plist.xml; path = Info.plist; sourceTree = "<group>"; };
		E7ED44701A6168FE00721779 /* MessageSenderTests.swift */ = {isa = PBXFileReference; lastKnownFileType = sourcecode.swift; path = MessageSenderTests.swift; sourceTree = "<group>"; };
		E7ED44AB1A61883700721779 /* TextFieldContainerView.swift */ = {isa = PBXFileReference; fileEncoding = 4; lastKnownFileType = sourcecode.swift; name = TextFieldContainerView.swift; path = MessageSender/TextFieldContainerView.swift; sourceTree = "<group>"; };
		E7ED44AF1A61951500721779 /* APIHelper.swift */ = {isa = PBXFileReference; fileEncoding = 4; lastKnownFileType = sourcecode.swift; path = APIHelper.swift; sourceTree = "<group>"; };
		E7ED44B31A61A85C00721779 /* SwiftyJSON.swift */ = {isa = PBXFileReference; fileEncoding = 4; lastKnownFileType = sourcecode.swift; path = SwiftyJSON.swift; sourceTree = "<group>"; };
		E7ED44B71A61B9EC00721779 /* CoreDataViewController.swift */ = {isa = PBXFileReference; fileEncoding = 4; lastKnownFileType = sourcecode.swift; name = CoreDataViewController.swift; path = MessageSender/CoreDataViewController.swift; sourceTree = "<group>"; };
/* End PBXFileReference section */

/* Begin PBXFrameworksBuildPhase section */
		E7ED444F1A6168FE00721779 /* Frameworks */ = {
			isa = PBXFrameworksBuildPhase;
			buildActionMask = 2147483647;
			files = (
			);
			runOnlyForDeploymentPostprocessing = 0;
		};
		E7ED44671A6168FE00721779 /* Frameworks */ = {
			isa = PBXFrameworksBuildPhase;
			buildActionMask = 2147483647;
			files = (
			);
			runOnlyForDeploymentPostprocessing = 0;
		};
/* End PBXFrameworksBuildPhase section */

/* Begin PBXGroup section */
		E7A677311A62B5480068698D /* CoreData */ = {
			isa = PBXGroup;
			children = (
				E7ED44631A6168FE00721779 /* LaunchScreen.xib */,
				E7ED44591A6168FE00721779 /* MessageSender.xcdatamodeld */,
				E7A677361A62B6210068698D /* Message.swift */,
				E7A677341A62B6200068698D /* User.swift */,
			);
			name = CoreData;
			sourceTree = "<group>";
		};
		E7A677321A62B5570068698D /* Delegate */ = {
			isa = PBXGroup;
			children = (
			);
			name = Delegate;
			sourceTree = "<group>";
		};
		E7A677331A62B57E0068698D /* Helper */ = {
			isa = PBXGroup;
			children = (
				E7ED44AF1A61951500721779 /* APIHelper.swift */,
			);
			name = Helper;
			sourceTree = "<group>";
		};
		E7ED44491A6168FE00721779 = {
			isa = PBXGroup;
			children = (
				E7ED44541A6168FE00721779 /* MessageSender */,
				E7ED446D1A6168FE00721779 /* MessageSenderTests */,
				E7ED44531A6168FE00721779 /* Products */,
			);
			sourceTree = "<group>";
		};
		E7ED44531A6168FE00721779 /* Products */ = {
			isa = PBXGroup;
			children = (
				E7ED44521A6168FE00721779 /* MessageSender.app */,
				E7ED446A1A6168FE00721779 /* MessageSenderTests.xctest */,
			);
			name = Products;
			sourceTree = "<group>";
		};
		E7ED44541A6168FE00721779 /* MessageSender */ = {
			isa = PBXGroup;
			children = (
				E7A677331A62B57E0068698D /* Helper */,
				E7A677321A62B5570068698D /* Delegate */,
				E7A677311A62B5480068698D /* CoreData */,
				E7ED44B61A61B2E100721779 /* View */,
				E7ED44B51A61AC0D00721779 /* Controllers */,
				E7ED44571A6168FE00721779 /* AppDelegate.swift */,
				E7ED44611A6168FE00721779 /* Images.xcassets */,
				E7ED44551A6168FE00721779 /* Supporting Files */,
			);
			path = MessageSender;
			sourceTree = "<group>";
		};
		E7ED44551A6168FE00721779 /* Supporting Files */ = {
			isa = PBXGroup;
			children = (
				E7ED44B31A61A85C00721779 /* SwiftyJSON.swift */,
				E7ED44561A6168FE00721779 /* Info.plist */,
			);
			name = "Supporting Files";
			sourceTree = "<group>";
		};
		E7ED446D1A6168FE00721779 /* MessageSenderTests */ = {
			isa = PBXGroup;
			children = (
				E7ED44701A6168FE00721779 /* MessageSenderTests.swift */,
				E7ED446E1A6168FE00721779 /* Supporting Files */,
			);
			path = MessageSenderTests;
			sourceTree = "<group>";
		};
		E7ED446E1A6168FE00721779 /* Supporting Files */ = {
			isa = PBXGroup;
			children = (
				E7ED446F1A6168FE00721779 /* Info.plist */,
			);
			name = "Supporting Files";
			sourceTree = "<group>";
		};
		E7ED44B51A61AC0D00721779 /* Controllers */ = {
			isa = PBXGroup;
			children = (
				E7ED445C1A6168FE00721779 /* LoginViewController.swift */,
				E7ED44B71A61B9EC00721779 /* CoreDataViewController.swift */,
			);
			name = Controllers;
			path = ..;
			sourceTree = "<group>";
		};
		E7ED44B61A61B2E100721779 /* View */ = {
			isa = PBXGroup;
			children = (
				E7ED445E1A6168FE00721779 /* Main.storyboard */,
				E7ED44AB1A61883700721779 /* TextFieldContainerView.swift */,
			);
			name = View;
			path = ..;
			sourceTree = "<group>";
		};
/* End PBXGroup section */

/* Begin PBXNativeTarget section */
		E7ED44511A6168FE00721779 /* MessageSender */ = {
			isa = PBXNativeTarget;
			buildConfigurationList = E7ED44741A6168FE00721779 /* Build configuration list for PBXNativeTarget "MessageSender" */;
			buildPhases = (
				E7ED444E1A6168FE00721779 /* Sources */,
				E7ED444F1A6168FE00721779 /* Frameworks */,
				E7ED44501A6168FE00721779 /* Resources */,
			);
			buildRules = (
			);
			dependencies = (
			);
			name = MessageSender;
			productName = MessageSender;
			productReference = E7ED44521A6168FE00721779 /* MessageSender.app */;
			productType = "com.apple.product-type.application";
		};
		E7ED44691A6168FE00721779 /* MessageSenderTests */ = {
			isa = PBXNativeTarget;
			buildConfigurationList = E7ED44771A6168FE00721779 /* Build configuration list for PBXNativeTarget "MessageSenderTests" */;
			buildPhases = (
				E7ED44661A6168FE00721779 /* Sources */,
				E7ED44671A6168FE00721779 /* Frameworks */,
				E7ED44681A6168FE00721779 /* Resources */,
			);
			buildRules = (
			);
			dependencies = (
				E7ED446C1A6168FE00721779 /* PBXTargetDependency */,
			);
			name = MessageSenderTests;
			productName = MessageSenderTests;
			productReference = E7ED446A1A6168FE00721779 /* MessageSenderTests.xctest */;
			productType = "com.apple.product-type.bundle.unit-test";
		};
/* End PBXNativeTarget section */

/* Begin PBXProject section */
		E7ED444A1A6168FE00721779 /* Project object */ = {
			isa = PBXProject;
			attributes = {
				LastUpgradeCheck = 0610;
				ORGANIZATIONNAME = Kacper;
				TargetAttributes = {
					E7ED44511A6168FE00721779 = {
						CreatedOnToolsVersion = 6.1.1;
					};
					E7ED44691A6168FE00721779 = {
						CreatedOnToolsVersion = 6.1.1;
						TestTargetID = E7ED44511A6168FE00721779;
					};
				};
			};
			buildConfigurationList = E7ED444D1A6168FE00721779 /* Build configuration list for PBXProject "MessageSender" */;
			compatibilityVersion = "Xcode 3.2";
			developmentRegion = English;
			hasScannedForEncodings = 0;
			knownRegions = (
				en,
				Base,
			);
			mainGroup = E7ED44491A6168FE00721779;
			productRefGroup = E7ED44531A6168FE00721779 /* Products */;
			projectDirPath = "";
			projectRoot = "";
			targets = (
				E7ED44511A6168FE00721779 /* MessageSender */,
				E7ED44691A6168FE00721779 /* MessageSenderTests */,
			);
		};
/* End PBXProject section */

/* Begin PBXResourcesBuildPhase section */
		E7ED44501A6168FE00721779 /* Resources */ = {
			isa = PBXResourcesBuildPhase;
			buildActionMask = 2147483647;
			files = (
				E7ED44601A6168FE00721779 /* Main.storyboard in Resources */,
				E7ED44651A6168FE00721779 /* LaunchScreen.xib in Resources */,
				E7ED44621A6168FE00721779 /* Images.xcassets in Resources */,
			);
			runOnlyForDeploymentPostprocessing = 0;
		};
		E7ED44681A6168FE00721779 /* Resources */ = {
			isa = PBXResourcesBuildPhase;
			buildActionMask = 2147483647;
			files = (
			);
			runOnlyForDeploymentPostprocessing = 0;
		};
/* End PBXResourcesBuildPhase section */

/* Begin PBXSourcesBuildPhase section */
		E7ED444E1A6168FE00721779 /* Sources */ = {
			isa = PBXSourcesBuildPhase;
			buildActionMask = 2147483647;
			files = (
				E7ED445D1A6168FE00721779 /* LoginViewController.swift in Sources */,
				E7ED445B1A6168FE00721779 /* MessageSender.xcdatamodeld in Sources */,
				E7ED44AC1A61883700721779 /* TextFieldContainerView.swift in Sources */,
				E7A677371A62B6210068698D /* Message.swift in Sources */,
				E7ED44B01A61951500721779 /* APIHelper.swift in Sources */,
				E7A677351A62B6200068698D /* User.swift in Sources */,
				E7ED44581A6168FE00721779 /* AppDelegate.swift in Sources */,
				E7ED44B41A61A85C00721779 /* SwiftyJSON.swift in Sources */,
				E7ED44B81A61B9EC00721779 /* CoreDataViewController.swift in Sources */,
			);
			runOnlyForDeploymentPostprocessing = 0;
		};
		E7ED44661A6168FE00721779 /* Sources */ = {
			isa = PBXSourcesBuildPhase;
			buildActionMask = 2147483647;
			files = (
				E7ED44711A6168FE00721779 /* MessageSenderTests.swift in Sources */,
			);
			runOnlyForDeploymentPostprocessing = 0;
		};
/* End PBXSourcesBuildPhase section */

/* Begin PBXTargetDependency section */
		E7ED446C1A6168FE00721779 /* PBXTargetDependency */ = {
			isa = PBXTargetDependency;
			target = E7ED44511A6168FE00721779 /* MessageSender */;
			targetProxy = E7ED446B1A6168FE00721779 /* PBXContainerItemProxy */;
		};
/* End PBXTargetDependency section */

/* Begin PBXVariantGroup section */
		E7ED445E1A6168FE00721779 /* Main.storyboard */ = {
			isa = PBXVariantGroup;
			children = (
				E7ED445F1A6168FE00721779 /* Base */,
			);
			name = Main.storyboard;
			path = MessageSender;
			sourceTree = "<group>";
		};
		E7ED44631A6168FE00721779 /* LaunchScreen.xib */ = {
			isa = PBXVariantGroup;
			children = (
				E7ED44641A6168FE00721779 /* Base */,
			);
			name = LaunchScreen.xib;
			sourceTree = "<group>";
		};
/* End PBXVariantGroup section */

/* Begin XCBuildConfiguration section */
		E7ED44721A6168FE00721779 /* Debug */ = {
			isa = XCBuildConfiguration;
			buildSettings = {
				ALWAYS_SEARCH_USER_PATHS = NO;
				CLANG_CXX_LANGUAGE_STANDARD = "gnu++0x";
				CLANG_CXX_LIBRARY = "libc++";
				CLANG_ENABLE_MODULES = YES;
				CLANG_ENABLE_OBJC_ARC = YES;
				CLANG_WARN_BOOL_CONVERSION = YES;
				CLANG_WARN_CONSTANT_CONVERSION = YES;
				CLANG_WARN_DIRECT_OBJC_ISA_USAGE = YES_ERROR;
				CLANG_WARN_EMPTY_BODY = YES;
				CLANG_WARN_ENUM_CONVERSION = YES;
				CLANG_WARN_INT_CONVERSION = YES;
				CLANG_WARN_OBJC_ROOT_CLASS = YES_ERROR;
				CLANG_WARN_UNREACHABLE_CODE = YES;
				CLANG_WARN__DUPLICATE_METHOD_MATCH = YES;
				"CODE_SIGN_IDENTITY[sdk=iphoneos*]" = "iPhone Developer";
				COPY_PHASE_STRIP = NO;
				ENABLE_STRICT_OBJC_MSGSEND = YES;
				GCC_C_LANGUAGE_STANDARD = gnu99;
				GCC_DYNAMIC_NO_PIC = NO;
				GCC_OPTIMIZATION_LEVEL = 0;
				GCC_PREPROCESSOR_DEFINITIONS = (
					"DEBUG=1",
					"$(inherited)",
				);
				GCC_SYMBOLS_PRIVATE_EXTERN = NO;
				GCC_WARN_64_TO_32_BIT_CONVERSION = YES;
				GCC_WARN_ABOUT_RETURN_TYPE = YES_ERROR;
				GCC_WARN_UNDECLARED_SELECTOR = YES;
				GCC_WARN_UNINITIALIZED_AUTOS = YES_AGGRESSIVE;
				GCC_WARN_UNUSED_FUNCTION = YES;
				GCC_WARN_UNUSED_VARIABLE = YES;
				IPHONEOS_DEPLOYMENT_TARGET = 8.1;
				MTL_ENABLE_DEBUG_INFO = YES;
				ONLY_ACTIVE_ARCH = YES;
				SDKROOT = iphoneos;
				SWIFT_OPTIMIZATION_LEVEL = "-Onone";
			};
			name = Debug;
		};
		E7ED44731A6168FE00721779 /* Release */ = {
			isa = XCBuildConfiguration;
			buildSettings = {
				ALWAYS_SEARCH_USER_PATHS = NO;
				CLANG_CXX_LANGUAGE_STANDARD = "gnu++0x";
				CLANG_CXX_LIBRARY = "libc++";
				CLANG_ENABLE_MODULES = YES;
				CLANG_ENABLE_OBJC_ARC = YES;
				CLANG_WARN_BOOL_CONVERSION = YES;
				CLANG_WARN_CONSTANT_CONVERSION = YES;
				CLANG_WARN_DIRECT_OBJC_ISA_USAGE = YES_ERROR;
				CLANG_WARN_EMPTY_BODY = YES;
				CLANG_WARN_ENUM_CONVERSION = YES;
				CLANG_WARN_INT_CONVERSION = YES;
				CLANG_WARN_OBJC_ROOT_CLASS = YES_ERROR;
				CLANG_WARN_UNREACHABLE_CODE = YES;
				CLANG_WARN__DUPLICATE_METHOD_MATCH = YES;
				"CODE_SIGN_IDENTITY[sdk=iphoneos*]" = "iPhone Developer";
				COPY_PHASE_STRIP = YES;
				ENABLE_NS_ASSERTIONS = NO;
				ENABLE_STRICT_OBJC_MSGSEND = YES;
				GCC_C_LANGUAGE_STANDARD = gnu99;
				GCC_WARN_64_TO_32_BIT_CONVERSION = YES;
				GCC_WARN_ABOUT_RETURN_TYPE = YES_ERROR;
				GCC_WARN_UNDECLARED_SELECTOR = YES;
				GCC_WARN_UNINITIALIZED_AUTOS = YES_AGGRESSIVE;
				GCC_WARN_UNUSED_FUNCTION = YES;
				GCC_WARN_UNUSED_VARIABLE = YES;
				IPHONEOS_DEPLOYMENT_TARGET = 8.1;
				MTL_ENABLE_DEBUG_INFO = NO;
				SDKROOT = iphoneos;
				VALIDATE_PRODUCT = YES;
			};
			name = Release;
		};
		E7ED44751A6168FE00721779 /* Debug */ = {
			isa = XCBuildConfiguration;
			buildSettings = {
				ASSETCATALOG_COMPILER_APPICON_NAME = AppIcon;
				INFOPLIST_FILE = MessageSender/Info.plist;
				LD_RUNPATH_SEARCH_PATHS = "$(inherited) @executable_path/Frameworks";
				PRODUCT_NAME = "$(TARGET_NAME)";
			};
			name = Debug;
		};
		E7ED44761A6168FE00721779 /* Release */ = {
			isa = XCBuildConfiguration;
			buildSettings = {
				ASSETCATALOG_COMPILER_APPICON_NAME = AppIcon;
				INFOPLIST_FILE = MessageSender/Info.plist;
				LD_RUNPATH_SEARCH_PATHS = "$(inherited) @executable_path/Frameworks";
				PRODUCT_NAME = "$(TARGET_NAME)";
			};
			name = Release;
		};
		E7ED44781A6168FE00721779 /* Debug */ = {
			isa = XCBuildConfiguration;
			buildSettings = {
				BUNDLE_LOADER = "$(TEST_HOST)";
				FRAMEWORK_SEARCH_PATHS = (
					"$(SDKROOT)/Developer/Library/Frameworks",
					"$(inherited)",
				);
				GCC_PREPROCESSOR_DEFINITIONS = (
					"DEBUG=1",
					"$(inherited)",
				);
				INFOPLIST_FILE = MessageSenderTests/Info.plist;
				LD_RUNPATH_SEARCH_PATHS = "$(inherited) @executable_path/Frameworks @loader_path/Frameworks";
				PRODUCT_NAME = "$(TARGET_NAME)";
				TEST_HOST = "$(BUILT_PRODUCTS_DIR)/MessageSender.app/MessageSender";
			};
			name = Debug;
		};
		E7ED44791A6168FE00721779 /* Release */ = {
			isa = XCBuildConfiguration;
			buildSettings = {
				BUNDLE_LOADER = "$(TEST_HOST)";
				FRAMEWORK_SEARCH_PATHS = (
					"$(SDKROOT)/Developer/Library/Frameworks",
					"$(inherited)",
				);
				INFOPLIST_FILE = MessageSenderTests/Info.plist;
				LD_RUNPATH_SEARCH_PATHS = "$(inherited) @executable_path/Frameworks @loader_path/Frameworks";
				PRODUCT_NAME = "$(TARGET_NAME)";
				TEST_HOST = "$(BUILT_PRODUCTS_DIR)/MessageSender.app/MessageSender";
			};
			name = Release;
		};
/* End XCBuildConfiguration section */

/* Begin XCConfigurationList section */
		E7ED444D1A6168FE00721779 /* Build configuration list for PBXProject "MessageSender" */ = {
			isa = XCConfigurationList;
			buildConfigurations = (
				E7ED44721A6168FE00721779 /* Debug */,
				E7ED44731A6168FE00721779 /* Release */,
			);
			defaultConfigurationIsVisible = 0;
			defaultConfigurationName = Release;
		};
		E7ED44741A6168FE00721779 /* Build configuration list for PBXNativeTarget "MessageSender" */ = {
			isa = XCConfigurationList;
			buildConfigurations = (
				E7ED44751A6168FE00721779 /* Debug */,
				E7ED44761A6168FE00721779 /* Release */,
			);
			defaultConfigurationIsVisible = 0;
			defaultConfigurationName = Release;
		};
		E7ED44771A6168FE00721779 /* Build configuration list for PBXNativeTarget "MessageSenderTests" */ = {
			isa = XCConfigurationList;
			buildConfigurations = (
				E7ED44781A6168FE00721779 /* Debug */,
				E7ED44791A6168FE00721779 /* Release */,
			);
			defaultConfigurationIsVisible = 0;
			defaultConfigurationName = Release;
		};
/* End XCConfigurationList section */

/* Begin XCVersionGroup section */
		E7ED44591A6168FE00721779 /* MessageSender.xcdatamodeld */ = {
			isa = XCVersionGroup;
			children = (
				E7ED445A1A6168FE00721779 /* MessageSender.xcdatamodel */,
			);
			currentVersion = E7ED445A1A6168FE00721779 /* MessageSender.xcdatamodel */;
			path = MessageSender.xcdatamodeld;
			sourceTree = "<group>";
			versionGroupType = wrapper.xcdatamodel;
		};
/* End XCVersionGroup section */
	};
	rootObject = E7ED444A1A6168FE00721779 /* Project object */;
}
